// !$*UTF8*$!
{
	archiveVersion = 1;
	classes = {
	};
	objectVersion = 56;
	objects = {

/* Begin PBXBuildFile section */
		C7B1BB1A2BF852C400D4CC20 /* AQIViewerApp.swift in Sources */ = {isa = PBXBuildFile; fileRef = C7B1BB192BF852C400D4CC20 /* AQIViewerApp.swift */; };
		C7B1BB1C2BF852C400D4CC20 /* ContentView.swift in Sources */ = {isa = PBXBuildFile; fileRef = C7B1BB1B2BF852C400D4CC20 /* ContentView.swift */; };
		C7B1BB1E2BF852C500D4CC20 /* Assets.xcassets in Resources */ = {isa = PBXBuildFile; fileRef = C7B1BB1D2BF852C500D4CC20 /* Assets.xcassets */; };
		C7B1BB212BF852C500D4CC20 /* Preview Assets.xcassets in Resources */ = {isa = PBXBuildFile; fileRef = C7B1BB202BF852C500D4CC20 /* Preview Assets.xcassets */; };
		C7B1BB292BFABBAF00D4CC20 /* APIResponse.swift in Sources */ = {isa = PBXBuildFile; fileRef = C7B1BB282BFABBAF00D4CC20 /* APIResponse.swift */; };
		C7B1BB2B2BFABBD300D4CC20 /* NetworkManager.swift in Sources */ = {isa = PBXBuildFile; fileRef = C7B1BB2A2BFABBD300D4CC20 /* NetworkManager.swift */; };
		C7B1BB2D2BFAC10E00D4CC20 /* AQIViewModel.swift in Sources */ = {isa = PBXBuildFile; fileRef = C7B1BB2C2BFAC10E00D4CC20 /* AQIViewModel.swift */; };
		C7B1BB302BFACA6900D4CC20 /* LocationManager.swift in Sources */ = {isa = PBXBuildFile; fileRef = C7B1BB2F2BFACA6900D4CC20 /* LocationManager.swift */; };
		C7B1BB322BFB7BF200D4CC20 /* AQIInfo.swift in Sources */ = {isa = PBXBuildFile; fileRef = C7B1BB312BFB7BF200D4CC20 /* AQIInfo.swift */; };
		C7B1BB372BFB960D00D4CC20 /* LocationView.swift in Sources */ = {isa = PBXBuildFile; fileRef = C7B1BB362BFB960D00D4CC20 /* LocationView.swift */; };
		C7B1BB392BFB96E900D4CC20 /* AQIView.swift in Sources */ = {isa = PBXBuildFile; fileRef = C7B1BB382BFB96E900D4CC20 /* AQIView.swift */; };
		C7B1BB3B2BFB9D1800D4CC20 /* MeasurementView.swift in Sources */ = {isa = PBXBuildFile; fileRef = C7B1BB3A2BFB9D1800D4CC20 /* MeasurementView.swift */; };
		C7B3DFC82BFB9F140045551C /* ForecastView.swift in Sources */ = {isa = PBXBuildFile; fileRef = C7B3DFC72BFB9F140045551C /* ForecastView.swift */; };
		C7B3DFCC2BFC090B0045551C /* AQICardView.swift in Sources */ = {isa = PBXBuildFile; fileRef = C7B3DFCB2BFC090B0045551C /* AQICardView.swift */; };
		C7B3DFCF2BFC09990045551C /* MockData.swift in Sources */ = {isa = PBXBuildFile; fileRef = C7B3DFCE2BFC09990045551C /* MockData.swift */; };
		C7B3DFD12BFC0E670045551C /* Alert.swift in Sources */ = {isa = PBXBuildFile; fileRef = C7B3DFD02BFC0E670045551C /* Alert.swift */; };
/* End PBXBuildFile section */

/* Begin PBXFileReference section */
		C7B1BB162BF852C400D4CC20 /* AQIViewer.app */ = {isa = PBXFileReference; explicitFileType = wrapper.application; includeInIndex = 0; path = AQIViewer.app; sourceTree = BUILT_PRODUCTS_DIR; };
		C7B1BB192BF852C400D4CC20 /* AQIViewerApp.swift */ = {isa = PBXFileReference; lastKnownFileType = sourcecode.swift; path = AQIViewerApp.swift; sourceTree = "<group>"; };
		C7B1BB1B2BF852C400D4CC20 /* ContentView.swift */ = {isa = PBXFileReference; lastKnownFileType = sourcecode.swift; path = ContentView.swift; sourceTree = "<group>"; };
		C7B1BB1D2BF852C500D4CC20 /* Assets.xcassets */ = {isa = PBXFileReference; lastKnownFileType = folder.assetcatalog; path = Assets.xcassets; sourceTree = "<group>"; };
		C7B1BB202BF852C500D4CC20 /* Preview Assets.xcassets */ = {isa = PBXFileReference; lastKnownFileType = folder.assetcatalog; path = "Preview Assets.xcassets"; sourceTree = "<group>"; };
		C7B1BB282BFABBAF00D4CC20 /* APIResponse.swift */ = {isa = PBXFileReference; lastKnownFileType = sourcecode.swift; path = APIResponse.swift; sourceTree = "<group>"; };
		C7B1BB2A2BFABBD300D4CC20 /* NetworkManager.swift */ = {isa = PBXFileReference; lastKnownFileType = sourcecode.swift; path = NetworkManager.swift; sourceTree = "<group>"; };
		C7B1BB2C2BFAC10E00D4CC20 /* AQIViewModel.swift */ = {isa = PBXFileReference; lastKnownFileType = sourcecode.swift; path = AQIViewModel.swift; sourceTree = "<group>"; };
		C7B1BB2E2BFAC50F00D4CC20 /* Info.plist */ = {isa = PBXFileReference; lastKnownFileType = text.plist; path = Info.plist; sourceTree = "<group>"; };
		C7B1BB2F2BFACA6900D4CC20 /* LocationManager.swift */ = {isa = PBXFileReference; lastKnownFileType = sourcecode.swift; path = LocationManager.swift; sourceTree = "<group>"; };
		C7B1BB312BFB7BF200D4CC20 /* AQIInfo.swift */ = {isa = PBXFileReference; lastKnownFileType = sourcecode.swift; path = AQIInfo.swift; sourceTree = "<group>"; };
		C7B1BB362BFB960D00D4CC20 /* LocationView.swift */ = {isa = PBXFileReference; lastKnownFileType = sourcecode.swift; path = LocationView.swift; sourceTree = "<group>"; };
		C7B1BB382BFB96E900D4CC20 /* AQIView.swift */ = {isa = PBXFileReference; lastKnownFileType = sourcecode.swift; path = AQIView.swift; sourceTree = "<group>"; };
		C7B1BB3A2BFB9D1800D4CC20 /* MeasurementView.swift */ = {isa = PBXFileReference; lastKnownFileType = sourcecode.swift; path = MeasurementView.swift; sourceTree = "<group>"; };
		C7B3DFC72BFB9F140045551C /* ForecastView.swift */ = {isa = PBXFileReference; lastKnownFileType = sourcecode.swift; path = ForecastView.swift; sourceTree = "<group>"; };
		C7B3DFCB2BFC090B0045551C /* AQICardView.swift */ = {isa = PBXFileReference; lastKnownFileType = sourcecode.swift; path = AQICardView.swift; sourceTree = "<group>"; };
		C7B3DFCE2BFC09990045551C /* MockData.swift */ = {isa = PBXFileReference; lastKnownFileType = sourcecode.swift; path = MockData.swift; sourceTree = "<group>"; };
		C7B3DFD02BFC0E670045551C /* Alert.swift */ = {isa = PBXFileReference; lastKnownFileType = sourcecode.swift; path = Alert.swift; sourceTree = "<group>"; };
/* End PBXFileReference section */

/* Begin PBXFrameworksBuildPhase section */
		C7B1BB132BF852C400D4CC20 /* Frameworks */ = {
			isa = PBXFrameworksBuildPhase;
			buildActionMask = 2147483647;
			files = (
			);
			runOnlyForDeploymentPostprocessing = 0;
		};
/* End PBXFrameworksBuildPhase section */

/* Begin PBXGroup section */
		C7B1BB0D2BF852C400D4CC20 = {
			isa = PBXGroup;
			children = (
				C7B1BB182BF852C400D4CC20 /* AQIViewer */,
				C7B1BB172BF852C400D4CC20 /* Products */,
			);
			sourceTree = "<group>";
		};
		C7B1BB172BF852C400D4CC20 /* Products */ = {
			isa = PBXGroup;
			children = (
				C7B1BB162BF852C400D4CC20 /* AQIViewer.app */,
			);
			name = Products;
			sourceTree = "<group>";
		};
		C7B1BB182BF852C400D4CC20 /* AQIViewer */ = {
			isa = PBXGroup;
			children = (
				C7B3DFCD2BFC098F0045551C /* Utility */,
				C7B1BB352BFB95FB00D4CC20 /* Views */,
				C7B1BB2E2BFAC50F00D4CC20 /* Info.plist */,
				C7B1BB272BFABAF500D4CC20 /* Model */,
				C7B1BB192BF852C400D4CC20 /* AQIViewerApp.swift */,
				C7B1BB1B2BF852C400D4CC20 /* ContentView.swift */,
				C7B1BB1D2BF852C500D4CC20 /* Assets.xcassets */,
				C7B1BB1F2BF852C500D4CC20 /* Preview Content */,
				C7B1BB2A2BFABBD300D4CC20 /* NetworkManager.swift */,
				C7B1BB2C2BFAC10E00D4CC20 /* AQIViewModel.swift */,
				C7B1BB2F2BFACA6900D4CC20 /* LocationManager.swift */,
			);
			path = AQIViewer;
			sourceTree = "<group>";
		};
		C7B1BB1F2BF852C500D4CC20 /* Preview Content */ = {
			isa = PBXGroup;
			children = (
				C7B1BB202BF852C500D4CC20 /* Preview Assets.xcassets */,
			);
			path = "Preview Content";
			sourceTree = "<group>";
		};
		C7B1BB272BFABAF500D4CC20 /* Model */ = {
			isa = PBXGroup;
			children = (
				C7B1BB282BFABBAF00D4CC20 /* APIResponse.swift */,
				C7B1BB312BFB7BF200D4CC20 /* AQIInfo.swift */,
			);
			path = Model;
			sourceTree = "<group>";
		};
		C7B1BB352BFB95FB00D4CC20 /* Views */ = {
			isa = PBXGroup;
			children = (
				C7B1BB362BFB960D00D4CC20 /* LocationView.swift */,
				C7B1BB382BFB96E900D4CC20 /* AQIView.swift */,
				C7B1BB3A2BFB9D1800D4CC20 /* MeasurementView.swift */,
				C7B3DFC72BFB9F140045551C /* ForecastView.swift */,
				C7B3DFCB2BFC090B0045551C /* AQICardView.swift */,
			);
			path = Views;
			sourceTree = "<group>";
		};
		C7B3DFCD2BFC098F0045551C /* Utility */ = {
			isa = PBXGroup;
			children = (
				C7B3DFCE2BFC09990045551C /* MockData.swift */,
				C7B3DFD02BFC0E670045551C /* Alert.swift */,
			);
			path = Utility;
			sourceTree = "<group>";
		};
/* End PBXGroup section */

/* Begin PBXNativeTarget section */
		C7B1BB152BF852C400D4CC20 /* AQIViewer */ = {
			isa = PBXNativeTarget;
			buildConfigurationList = C7B1BB242BF852C500D4CC20 /* Build configuration list for PBXNativeTarget "AQIViewer" */;
			buildPhases = (
				C7B1BB122BF852C400D4CC20 /* Sources */,
				C7B1BB132BF852C400D4CC20 /* Frameworks */,
				C7B1BB142BF852C400D4CC20 /* Resources */,
			);
			buildRules = (
			);
			dependencies = (
			);
			name = AQIViewer;
			productName = AQIViewer;
			productReference = C7B1BB162BF852C400D4CC20 /* AQIViewer.app */;
			productType = "com.apple.product-type.application";
		};
/* End PBXNativeTarget section */

/* Begin PBXProject section */
		C7B1BB0E2BF852C400D4CC20 /* Project object */ = {
			isa = PBXProject;
			attributes = {
				BuildIndependentTargetsInParallel = 1;
				LastSwiftUpdateCheck = 1520;
				LastUpgradeCheck = 1520;
				TargetAttributes = {
					C7B1BB152BF852C400D4CC20 = {
						CreatedOnToolsVersion = 15.2;
					};
				};
			};
			buildConfigurationList = C7B1BB112BF852C400D4CC20 /* Build configuration list for PBXProject "AQIViewer" */;
			compatibilityVersion = "Xcode 14.0";
			developmentRegion = en;
			hasScannedForEncodings = 0;
			knownRegions = (
				en,
				Base,
			);
			mainGroup = C7B1BB0D2BF852C400D4CC20;
			productRefGroup = C7B1BB172BF852C400D4CC20 /* Products */;
			projectDirPath = "";
			projectRoot = "";
			targets = (
				C7B1BB152BF852C400D4CC20 /* AQIViewer */,
			);
		};
/* End PBXProject section */

/* Begin PBXResourcesBuildPhase section */
		C7B1BB142BF852C400D4CC20 /* Resources */ = {
			isa = PBXResourcesBuildPhase;
			buildActionMask = 2147483647;
			files = (
				C7B1BB212BF852C500D4CC20 /* Preview Assets.xcassets in Resources */,
				C7B1BB1E2BF852C500D4CC20 /* Assets.xcassets in Resources */,
			);
			runOnlyForDeploymentPostprocessing = 0;
		};
/* End PBXResourcesBuildPhase section */

/* Begin PBXSourcesBuildPhase section */
		C7B1BB122BF852C400D4CC20 /* Sources */ = {
			isa = PBXSourcesBuildPhase;
			buildActionMask = 2147483647;
			files = (
				C7B1BB2B2BFABBD300D4CC20 /* NetworkManager.swift in Sources */,
				C7B1BB372BFB960D00D4CC20 /* LocationView.swift in Sources */,
				C7B3DFC82BFB9F140045551C /* ForecastView.swift in Sources */,
				C7B3DFCF2BFC09990045551C /* MockData.swift in Sources */,
				C7B1BB392BFB96E900D4CC20 /* AQIView.swift in Sources */,
				C7B3DFCC2BFC090B0045551C /* AQICardView.swift in Sources */,
				C7B3DFD12BFC0E670045551C /* Alert.swift in Sources */,
				C7B1BB3B2BFB9D1800D4CC20 /* MeasurementView.swift in Sources */,
				C7B1BB1C2BF852C400D4CC20 /* ContentView.swift in Sources */,
				C7B1BB302BFACA6900D4CC20 /* LocationManager.swift in Sources */,
				C7B1BB322BFB7BF200D4CC20 /* AQIInfo.swift in Sources */,
				C7B1BB2D2BFAC10E00D4CC20 /* AQIViewModel.swift in Sources */,
				C7B1BB1A2BF852C400D4CC20 /* AQIViewerApp.swift in Sources */,
				C7B1BB292BFABBAF00D4CC20 /* APIResponse.swift in Sources */,
			);
			runOnlyForDeploymentPostprocessing = 0;
		};
/* End PBXSourcesBuildPhase section */

/* Begin XCBuildConfiguration section */
		C7B1BB222BF852C500D4CC20 /* Debug */ = {
			isa = XCBuildConfiguration;
			buildSettings = {
				ALWAYS_SEARCH_USER_PATHS = NO;
				ASSETCATALOG_COMPILER_GENERATE_SWIFT_ASSET_SYMBOL_EXTENSIONS = YES;
				CLANG_ANALYZER_NONNULL = YES;
				CLANG_ANALYZER_NUMBER_OBJECT_CONVERSION = YES_AGGRESSIVE;
				CLANG_CXX_LANGUAGE_STANDARD = "gnu++20";
				CLANG_ENABLE_MODULES = YES;
				CLANG_ENABLE_OBJC_ARC = YES;
				CLANG_ENABLE_OBJC_WEAK = YES;
				CLANG_WARN_BLOCK_CAPTURE_AUTORELEASING = YES;
				CLANG_WARN_BOOL_CONVERSION = YES;
				CLANG_WARN_COMMA = YES;
				CLANG_WARN_CONSTANT_CONVERSION = YES;
				CLANG_WARN_DEPRECATED_OBJC_IMPLEMENTATIONS = YES;
				CLANG_WARN_DIRECT_OBJC_ISA_USAGE = YES_ERROR;
				CLANG_WARN_DOCUMENTATION_COMMENTS = YES;
				CLANG_WARN_EMPTY_BODY = YES;
				CLANG_WARN_ENUM_CONVERSION = YES;
				CLANG_WARN_INFINITE_RECURSION = YES;
				CLANG_WARN_INT_CONVERSION = YES;
				CLANG_WARN_NON_LITERAL_NULL_CONVERSION = YES;
				CLANG_WARN_OBJC_IMPLICIT_RETAIN_SELF = YES;
				CLANG_WARN_OBJC_LITERAL_CONVERSION = YES;
				CLANG_WARN_OBJC_ROOT_CLASS = YES_ERROR;
				CLANG_WARN_QUOTED_INCLUDE_IN_FRAMEWORK_HEADER = YES;
				CLANG_WARN_RANGE_LOOP_ANALYSIS = YES;
				CLANG_WARN_STRICT_PROTOTYPES = YES;
				CLANG_WARN_SUSPICIOUS_MOVE = YES;
				CLANG_WARN_UNGUARDED_AVAILABILITY = YES_AGGRESSIVE;
				CLANG_WARN_UNREACHABLE_CODE = YES;
				CLANG_WARN__DUPLICATE_METHOD_MATCH = YES;
				COPY_PHASE_STRIP = NO;
				DEBUG_INFORMATION_FORMAT = dwarf;
				ENABLE_STRICT_OBJC_MSGSEND = YES;
				ENABLE_TESTABILITY = YES;
				ENABLE_USER_SCRIPT_SANDBOXING = YES;
				GCC_C_LANGUAGE_STANDARD = gnu17;
				GCC_DYNAMIC_NO_PIC = NO;
				GCC_NO_COMMON_BLOCKS = YES;
				GCC_OPTIMIZATION_LEVEL = 0;
				GCC_PREPROCESSOR_DEFINITIONS = (
					"DEBUG=1",
					"$(inherited)",
				);
				GCC_WARN_64_TO_32_BIT_CONVERSION = YES;
				GCC_WARN_ABOUT_RETURN_TYPE = YES_ERROR;
				GCC_WARN_UNDECLARED_SELECTOR = YES;
				GCC_WARN_UNINITIALIZED_AUTOS = YES_AGGRESSIVE;
				GCC_WARN_UNUSED_FUNCTION = YES;
				GCC_WARN_UNUSED_VARIABLE = YES;
				IPHONEOS_DEPLOYMENT_TARGET = 17.2;
				LOCALIZATION_PREFERS_STRING_CATALOGS = YES;
				MTL_ENABLE_DEBUG_INFO = INCLUDE_SOURCE;
				MTL_FAST_MATH = YES;
				ONLY_ACTIVE_ARCH = YES;
				SDKROOT = iphoneos;
				SWIFT_ACTIVE_COMPILATION_CONDITIONS = "DEBUG $(inherited)";
				SWIFT_OPTIMIZATION_LEVEL = "-Onone";
			};
			name = Debug;
		};
		C7B1BB232BF852C500D4CC20 /* Release */ = {
			isa = XCBuildConfiguration;
			buildSettings = {
				ALWAYS_SEARCH_USER_PATHS = NO;
				ASSETCATALOG_COMPILER_GENERATE_SWIFT_ASSET_SYMBOL_EXTENSIONS = YES;
				CLANG_ANALYZER_NONNULL = YES;
				CLANG_ANALYZER_NUMBER_OBJECT_CONVERSION = YES_AGGRESSIVE;
				CLANG_CXX_LANGUAGE_STANDARD = "gnu++20";
				CLANG_ENABLE_MODULES = YES;
				CLANG_ENABLE_OBJC_ARC = YES;
				CLANG_ENABLE_OBJC_WEAK = YES;
				CLANG_WARN_BLOCK_CAPTURE_AUTORELEASING = YES;
				CLANG_WARN_BOOL_CONVERSION = YES;
				CLANG_WARN_COMMA = YES;
				CLANG_WARN_CONSTANT_CONVERSION = YES;
				CLANG_WARN_DEPRECATED_OBJC_IMPLEMENTATIONS = YES;
				CLANG_WARN_DIRECT_OBJC_ISA_USAGE = YES_ERROR;
				CLANG_WARN_DOCUMENTATION_COMMENTS = YES;
				CLANG_WARN_EMPTY_BODY = YES;
				CLANG_WARN_ENUM_CONVERSION = YES;
				CLANG_WARN_INFINITE_RECURSION = YES;
				CLANG_WARN_INT_CONVERSION = YES;
				CLANG_WARN_NON_LITERAL_NULL_CONVERSION = YES;
				CLANG_WARN_OBJC_IMPLICIT_RETAIN_SELF = YES;
				CLANG_WARN_OBJC_LITERAL_CONVERSION = YES;
				CLANG_WARN_OBJC_ROOT_CLASS = YES_ERROR;
				CLANG_WARN_QUOTED_INCLUDE_IN_FRAMEWORK_HEADER = YES;
				CLANG_WARN_RANGE_LOOP_ANALYSIS = YES;
				CLANG_WARN_STRICT_PROTOTYPES = YES;
				CLANG_WARN_SUSPICIOUS_MOVE = YES;
				CLANG_WARN_UNGUARDED_AVAILABILITY = YES_AGGRESSIVE;
				CLANG_WARN_UNREACHABLE_CODE = YES;
				CLANG_WARN__DUPLICATE_METHOD_MATCH = YES;
				COPY_PHASE_STRIP = NO;
				DEBUG_INFORMATION_FORMAT = "dwarf-with-dsym";
				ENABLE_NS_ASSERTIONS = NO;
				ENABLE_STRICT_OBJC_MSGSEND = YES;
				ENABLE_USER_SCRIPT_SANDBOXING = YES;
				GCC_C_LANGUAGE_STANDARD = gnu17;
				GCC_NO_COMMON_BLOCKS = YES;
				GCC_WARN_64_TO_32_BIT_CONVERSION = YES;
				GCC_WARN_ABOUT_RETURN_TYPE = YES_ERROR;
				GCC_WARN_UNDECLARED_SELECTOR = YES;
				GCC_WARN_UNINITIALIZED_AUTOS = YES_AGGRESSIVE;
				GCC_WARN_UNUSED_FUNCTION = YES;
				GCC_WARN_UNUSED_VARIABLE = YES;
				IPHONEOS_DEPLOYMENT_TARGET = 17.2;
				LOCALIZATION_PREFERS_STRING_CATALOGS = YES;
				MTL_ENABLE_DEBUG_INFO = NO;
				MTL_FAST_MATH = YES;
				SDKROOT = iphoneos;
				SWIFT_COMPILATION_MODE = wholemodule;
				VALIDATE_PRODUCT = YES;
			};
			name = Release;
		};
		C7B1BB252BF852C500D4CC20 /* Debug */ = {
			isa = XCBuildConfiguration;
			buildSettings = {
				ASSETCATALOG_COMPILER_APPICON_NAME = AppIcon;
				ASSETCATALOG_COMPILER_GLOBAL_ACCENT_COLOR_NAME = AccentColor;
				CODE_SIGN_STYLE = Automatic;
				CURRENT_PROJECT_VERSION = 1;
				DEVELOPMENT_ASSET_PATHS = "\"AQIViewer/Preview Content\"";
				DEVELOPMENT_TEAM = GREW8M86PK;
				ENABLE_PREVIEWS = YES;
				GENERATE_INFOPLIST_FILE = YES;
				INFOPLIST_FILE = AQIViewer/Info.plist;
				INFOPLIST_KEY_UIApplicationSceneManifest_Generation = YES;
				INFOPLIST_KEY_UIApplicationSupportsIndirectInputEvents = YES;
				INFOPLIST_KEY_UILaunchScreen_Generation = YES;
				INFOPLIST_KEY_UISupportedInterfaceOrientations_iPad = "UIInterfaceOrientationPortrait UIInterfaceOrientationPortraitUpsideDown UIInterfaceOrientationLandscapeLeft UIInterfaceOrientationLandscapeRight";
				INFOPLIST_KEY_UISupportedInterfaceOrientations_iPhone = "UIInterfaceOrientationPortrait UIInterfaceOrientationLandscapeLeft UIInterfaceOrientationLandscapeRight";
				LD_RUNPATH_SEARCH_PATHS = (
					"$(inherited)",
					"@executable_path/Frameworks",
				);
				MARKETING_VERSION = 1.0;
				PRODUCT_BUNDLE_IDENTIFIER = seagullman.com.AQIViewer;
				PRODUCT_NAME = "$(TARGET_NAME)";
				SWIFT_EMIT_LOC_STRINGS = YES;
				SWIFT_VERSION = 5.0;
				TARGETED_DEVICE_FAMILY = "1,2";
			};
			name = Debug;
		};
		C7B1BB262BF852C500D4CC20 /* Release */ = {
			isa = XCBuildConfiguration;
			buildSettings = {
				ASSETCATALOG_COMPILER_APPICON_NAME = AppIcon;
				ASSETCATALOG_COMPILER_GLOBAL_ACCENT_COLOR_NAME = AccentColor;
				CODE_SIGN_STYLE = Automatic;
				CURRENT_PROJECT_VERSION = 1;
				DEVELOPMENT_ASSET_PATHS = "\"AQIViewer/Preview Content\"";
				DEVELOPMENT_TEAM = GREW8M86PK;
				ENABLE_PREVIEWS = YES;
				GENERATE_INFOPLIST_FILE = YES;
				INFOPLIST_FILE = AQIViewer/Info.plist;
				INFOPLIST_KEY_UIApplicationSceneManifest_Generation = YES;
				INFOPLIST_KEY_UIApplicationSupportsIndirectInputEvents = YES;
				INFOPLIST_KEY_UILaunchScreen_Generation = YES;
				INFOPLIST_KEY_UISupportedInterfaceOrientations_iPad = "UIInterfaceOrientationPortrait UIInterfaceOrientationPortraitUpsideDown UIInterfaceOrientationLandscapeLeft UIInterfaceOrientationLandscapeRight";
				INFOPLIST_KEY_UISupportedInterfaceOrientations_iPhone = "UIInterfaceOrientationPortrait UIInterfaceOrientationLandscapeLeft UIInterfaceOrientationLandscapeRight";
				LD_RUNPATH_SEARCH_PATHS = (
					"$(inherited)",
					"@executable_path/Frameworks",
				);
				MARKETING_VERSION = 1.0;
				PRODUCT_BUNDLE_IDENTIFIER = seagullman.com.AQIViewer;
				PRODUCT_NAME = "$(TARGET_NAME)";
				SWIFT_EMIT_LOC_STRINGS = YES;
				SWIFT_VERSION = 5.0;
				TARGETED_DEVICE_FAMILY = "1,2";
			};
			name = Release;
		};
/* End XCBuildConfiguration section */

/* Begin XCConfigurationList section */
		C7B1BB112BF852C400D4CC20 /* Build configuration list for PBXProject "AQIViewer" */ = {
			isa = XCConfigurationList;
			buildConfigurations = (
				C7B1BB222BF852C500D4CC20 /* Debug */,
				C7B1BB232BF852C500D4CC20 /* Release */,
			);
			defaultConfigurationIsVisible = 0;
			defaultConfigurationName = Release;
		};
		C7B1BB242BF852C500D4CC20 /* Build configuration list for PBXNativeTarget "AQIViewer" */ = {
			isa = XCConfigurationList;
			buildConfigurations = (
				C7B1BB252BF852C500D4CC20 /* Debug */,
				C7B1BB262BF852C500D4CC20 /* Release */,
			);
			defaultConfigurationIsVisible = 0;
			defaultConfigurationName = Release;
		};
/* End XCConfigurationList section */
	};
	rootObject = C7B1BB0E2BF852C400D4CC20 /* Project object */;
}
